
Microsoft Visual Studio Solution File, Format Version 12.00
# Visual Studio Version 17
VisualStudioVersion = 17.9.34728.123
MinimumVisualStudioVersion = 10.0.40219.1
Project("{FAE04EC0-301F-11D3-BF4B-00C04F79EFBC}") = "TokenProvider", "TokenProvider\TokenProvider.csproj", "{34B0F4B3-A01C-4332-935D-0FEBAC5DD0B9}"
EndProject
Project("{FAE04EC0-301F-11D3-BF4B-00C04F79EFBC}") = "TokenProvider.infrastructure", "TokenProvider.infrastructure\TokenProvider.infrastructure.csproj", "{4CB38BEA-B8B9-488D-92D1-EFEFC6A99EF3}"
EndProject
Global
	GlobalSection(SolutionConfigurationPlatforms) = preSolution
		Debug|Any CPU = Debug|Any CPU
		Release|Any CPU = Release|Any CPU
	EndGlobalSection
	GlobalSection(ProjectConfigurationPlatforms) = postSolution
		{34B0F4B3-A01C-4332-935D-0FEBAC5DD0B9}.Debug|Any CPU.ActiveCfg = Debug|Any CPU
		{34B0F4B3-A01C-4332-935D-0FEBAC5DD0B9}.Debug|Any CPU.Build.0 = Debug|Any CPU
		{34B0F4B3-A01C-4332-935D-0FEBAC5DD0B9}.Release|Any CPU.ActiveCfg = Release|Any CPU
		{34B0F4B3-A01C-4332-935D-0FEBAC5DD0B9}.Release|Any CPU.Build.0 = Release|Any CPU
		{4CB38BEA-B8B9-488D-92D1-EFEFC6A99EF3}.Debug|Any CPU.ActiveCfg = Debug|Any CPU
		{4CB38BEA-B8B9-488D-92D1-EFEFC6A99EF3}.Debug|Any CPU.Build.0 = Debug|Any CPU
		{4CB38BEA-B8B9-488D-92D1-EFEFC6A99EF3}.Release|Any CPU.ActiveCfg = Release|Any CPU
		{4CB38BEA-B8B9-488D-92D1-EFEFC6A99EF3}.Release|Any CPU.Build.0 = Release|Any CPU
	EndGlobalSection
	GlobalSection(SolutionProperties) = preSolution
		HideSolutionNode = FALSE
	EndGlobalSection
	GlobalSection(ExtensibilityGlobals) = postSolution
		SolutionGuid = {883E9595-71D3-4DB6-B030-CB6E10D91231}
	EndGlobalSection
EndGlobal
